
Microsoft Visual Studio Solution File, Format Version 12.00
# Visual Studio Version 16
VisualStudioVersion = 16.0.29418.71
MinimumVisualStudioVersion = 10.0.40219.1
Project("{FAE04EC0-301F-11D3-BF4B-00C04F79EFBC}") = "MyMvvmTemplate", "MyMvvmTemplate.csproj", "{E0B2BBCF-3DC0-4732-92DB-7E73E1492633}"
EndProject
Global
	GlobalSection(SolutionConfigurationPlatforms) = preSolution
		Debug|Any CPU = Debug|Any CPU
		Release|Any CPU = Release|Any CPU
	EndGlobalSection
	GlobalSection(ProjectConfigurationPlatforms) = postSolution
		{E0B2BBCF-3DC0-4732-92DB-7E73E1492633}.Debug|Any CPU.ActiveCfg = Debug|Any CPU
		{E0B2BBCF-3DC0-4732-92DB-7E73E1492633}.Debug|Any CPU.Build.0 = Debug|Any CPU
		{E0B2BBCF-3DC0-4732-92DB-7E73E1492633}.Release|Any CPU.ActiveCfg = Release|Any CPU
		{E0B2BBCF-3DC0-4732-92DB-7E73E1492633}.Release|Any CPU.Build.0 = Release|Any CPU
	EndGlobalSection
	GlobalSection(SolutionProperties) = preSolution
		HideSolutionNode = FALSE
	EndGlobalSection
	GlobalSection(ExtensibilityGlobals) = postSolution
		SolutionGuid = {1708B960-805F-4490-B0F0-C96FC3F8743A}
	EndGlobalSection
EndGlobal
